// !$*UTF8*$!
{
	archiveVersion = 1;
	classes = {
	};
	objectVersion = 56;
	objects = {

/* Begin PBXBuildFile section */
		91B143482BB8D40200CCD5AA /* PlayBookApp.swift in Sources */ = {isa = PBXBuildFile; fileRef = 91B143472BB8D40200CCD5AA /* PlayBookApp.swift */; };
		91B1434A2BB8D40200CCD5AA /* ContentView.swift in Sources */ = {isa = PBXBuildFile; fileRef = 91B143492BB8D40200CCD5AA /* ContentView.swift */; };
		91B1434C2BB8D40400CCD5AA /* Assets.xcassets in Resources */ = {isa = PBXBuildFile; fileRef = 91B1434B2BB8D40400CCD5AA /* Assets.xcassets */; };
		91B1434F2BB8D40400CCD5AA /* Preview Assets.xcassets in Resources */ = {isa = PBXBuildFile; fileRef = 91B1434E2BB8D40400CCD5AA /* Preview Assets.xcassets */; };
		91B143592BB8D40400CCD5AA /* PlayBookTests.swift in Sources */ = {isa = PBXBuildFile; fileRef = 91B143582BB8D40400CCD5AA /* PlayBookTests.swift */; };
		91B143632BB8D40400CCD5AA /* PlayBookUITests.swift in Sources */ = {isa = PBXBuildFile; fileRef = 91B143622BB8D40400CCD5AA /* PlayBookUITests.swift */; };
		91B143652BB8D40400CCD5AA /* PlayBookUITestsLaunchTests.swift in Sources */ = {isa = PBXBuildFile; fileRef = 91B143642BB8D40400CCD5AA /* PlayBookUITestsLaunchTests.swift */; };
/* End PBXBuildFile section */

/* Begin PBXContainerItemProxy section */
		91B143552BB8D40400CCD5AA /* PBXContainerItemProxy */ = {
			isa = PBXContainerItemProxy;
			containerPortal = 91B1433C2BB8D40200CCD5AA /* Project object */;
			proxyType = 1;
			remoteGlobalIDString = 91B143432BB8D40200CCD5AA;
			remoteInfo = PlayBook;
		};
		91B1435F2BB8D40400CCD5AA /* PBXContainerItemProxy */ = {
			isa = PBXContainerItemProxy;
			containerPortal = 91B1433C2BB8D40200CCD5AA /* Project object */;
			proxyType = 1;
			remoteGlobalIDString = 91B143432BB8D40200CCD5AA;
			remoteInfo = PlayBook;
		};
/* End PBXContainerItemProxy section */

/* Begin PBXFileReference section */
		91B143442BB8D40200CCD5AA /* PlayBook.app */ = {isa = PBXFileReference; explicitFileType = wrapper.application; includeInIndex = 0; path = PlayBook.app; sourceTree = BUILT_PRODUCTS_DIR; };
		91B143472BB8D40200CCD5AA /* PlayBookApp.swift */ = {isa = PBXFileReference; lastKnownFileType = sourcecode.swift; path = PlayBookApp.swift; sourceTree = "<group>"; };
		91B143492BB8D40200CCD5AA /* ContentView.swift */ = {isa = PBXFileReference; lastKnownFileType = sourcecode.swift; path = ContentView.swift; sourceTree = "<group>"; };
		91B1434B2BB8D40400CCD5AA /* Assets.xcassets */ = {isa = PBXFileReference; lastKnownFileType = folder.assetcatalog; path = Assets.xcassets; sourceTree = "<group>"; };
		91B1434E2BB8D40400CCD5AA /* Preview Assets.xcassets */ = {isa = PBXFileReference; lastKnownFileType = folder.assetcatalog; path = "Preview Assets.xcassets"; sourceTree = "<group>"; };
		91B143542BB8D40400CCD5AA /* PlayBookTests.xctest */ = {isa = PBXFileReference; explicitFileType = wrapper.cfbundle; includeInIndex = 0; path = PlayBookTests.xctest; sourceTree = BUILT_PRODUCTS_DIR; };
		91B143582BB8D40400CCD5AA /* PlayBookTests.swift */ = {isa = PBXFileReference; lastKnownFileType = sourcecode.swift; path = PlayBookTests.swift; sourceTree = "<group>"; };
		91B1435E2BB8D40400CCD5AA /* PlayBookUITests.xctest */ = {isa = PBXFileReference; explicitFileType = wrapper.cfbundle; includeInIndex = 0; path = PlayBookUITests.xctest; sourceTree = BUILT_PRODUCTS_DIR; };
		91B143622BB8D40400CCD5AA /* PlayBookUITests.swift */ = {isa = PBXFileReference; lastKnownFileType = sourcecode.swift; path = PlayBookUITests.swift; sourceTree = "<group>"; };
		91B143642BB8D40400CCD5AA /* PlayBookUITestsLaunchTests.swift */ = {isa = PBXFileReference; lastKnownFileType = sourcecode.swift; path = PlayBookUITestsLaunchTests.swift; sourceTree = "<group>"; };
/* End PBXFileReference section */

/* Begin PBXFrameworksBuildPhase section */
		91B143412BB8D40200CCD5AA /* Frameworks */ = {
			isa = PBXFrameworksBuildPhase;
			buildActionMask = 2147483647;
			files = (
			);
			runOnlyForDeploymentPostprocessing = 0;
		};
		91B143512BB8D40400CCD5AA /* Frameworks */ = {
			isa = PBXFrameworksBuildPhase;
			buildActionMask = 2147483647;
			files = (
			);
			runOnlyForDeploymentPostprocessing = 0;
		};
		91B1435B2BB8D40400CCD5AA /* Frameworks */ = {
			isa = PBXFrameworksBuildPhase;
			buildActionMask = 2147483647;
			files = (
			);
			runOnlyForDeploymentPostprocessing = 0;
		};
/* End PBXFrameworksBuildPhase section */

/* Begin PBXGroup section */
		91B1433B2BB8D40200CCD5AA = {
			isa = PBXGroup;
			children = (
				91B143462BB8D40200CCD5AA /* PlayBook */,
				91B143572BB8D40400CCD5AA /* PlayBookTests */,
				91B143612BB8D40400CCD5AA /* PlayBookUITests */,
				91B143452BB8D40200CCD5AA /* Products */,
			);
			sourceTree = "<group>";
		};
		91B143452BB8D40200CCD5AA /* Products */ = {
			isa = PBXGroup;
			children = (
				91B143442BB8D40200CCD5AA /* PlayBook.app */,
				91B143542BB8D40400CCD5AA /* PlayBookTests.xctest */,
				91B1435E2BB8D40400CCD5AA /* PlayBookUITests.xctest */,
			);
			name = Products;
			sourceTree = "<group>";
		};
		91B143462BB8D40200CCD5AA /* PlayBook */ = {
			isa = PBXGroup;
			children = (
				91B143472BB8D40200CCD5AA /* PlayBookApp.swift */,
				91B143492BB8D40200CCD5AA /* ContentView.swift */,
				91B1434B2BB8D40400CCD5AA /* Assets.xcassets */,
				91B1434D2BB8D40400CCD5AA /* Preview Content */,
			);
			path = PlayBook;
			sourceTree = "<group>";
		};
		91B1434D2BB8D40400CCD5AA /* Preview Content */ = {
			isa = PBXGroup;
			children = (
				91B1434E2BB8D40400CCD5AA /* Preview Assets.xcassets */,
			);
			path = "Preview Content";
			sourceTree = "<group>";
		};
		91B143572BB8D40400CCD5AA /* PlayBookTests */ = {
			isa = PBXGroup;
			children = (
				91B143582BB8D40400CCD5AA /* PlayBookTests.swift */,
			);
			path = PlayBookTests;
			sourceTree = "<group>";
		};
		91B143612BB8D40400CCD5AA /* PlayBookUITests */ = {
			isa = PBXGroup;
			children = (
				91B143622BB8D40400CCD5AA /* PlayBookUITests.swift */,
				91B143642BB8D40400CCD5AA /* PlayBookUITestsLaunchTests.swift */,
			);
			path = PlayBookUITests;
			sourceTree = "<group>";
		};
/* End PBXGroup section */

/* Begin PBXNativeTarget section */
		91B143432BB8D40200CCD5AA /* PlayBook */ = {
			isa = PBXNativeTarget;
			buildConfigurationList = 91B143682BB8D40400CCD5AA /* Build configuration list for PBXNativeTarget "PlayBook" */;
			buildPhases = (
				91B143402BB8D40200CCD5AA /* Sources */,
				91B143412BB8D40200CCD5AA /* Frameworks */,
				91B143422BB8D40200CCD5AA /* Resources */,
			);
			buildRules = (
			);
			dependencies = (
			);
			name = PlayBook;
			productName = PlayBook;
			productReference = 91B143442BB8D40200CCD5AA /* PlayBook.app */;
			productType = "com.apple.product-type.application";
		};
		91B143532BB8D40400CCD5AA /* PlayBookTests */ = {
			isa = PBXNativeTarget;
			buildConfigurationList = 91B1436B2BB8D40400CCD5AA /* Build configuration list for PBXNativeTarget "PlayBookTests" */;
			buildPhases = (
				91B143502BB8D40400CCD5AA /* Sources */,
				91B143512BB8D40400CCD5AA /* Frameworks */,
				91B143522BB8D40400CCD5AA /* Resources */,
			);
			buildRules = (
			);
			dependencies = (
				91B143562BB8D40400CCD5AA /* PBXTargetDependency */,
			);
			name = PlayBookTests;
			productName = PlayBookTests;
			productReference = 91B143542BB8D40400CCD5AA /* PlayBookTests.xctest */;
			productType = "com.apple.product-type.bundle.unit-test";
		};
		91B1435D2BB8D40400CCD5AA /* PlayBookUITests */ = {
			isa = PBXNativeTarget;
			buildConfigurationList = 91B1436E2BB8D40400CCD5AA /* Build configuration list for PBXNativeTarget "PlayBookUITests" */;
			buildPhases = (
				91B1435A2BB8D40400CCD5AA /* Sources */,
				91B1435B2BB8D40400CCD5AA /* Frameworks */,
				91B1435C2BB8D40400CCD5AA /* Resources */,
			);
			buildRules = (
			);
			dependencies = (
				91B143602BB8D40400CCD5AA /* PBXTargetDependency */,
			);
			name = PlayBookUITests;
			productName = PlayBookUITests;
			productReference = 91B1435E2BB8D40400CCD5AA /* PlayBookUITests.xctest */;
			productType = "com.apple.product-type.bundle.ui-testing";
		};
/* End PBXNativeTarget section */

/* Begin PBXProject section */
		91B1433C2BB8D40200CCD5AA /* Project object */ = {
			isa = PBXProject;
			attributes = {
				BuildIndependentTargetsInParallel = 1;
				LastSwiftUpdateCheck = 1520;
				LastUpgradeCheck = 1520;
				TargetAttributes = {
					91B143432BB8D40200CCD5AA = {
						CreatedOnToolsVersion = 15.2;
					};
					91B143532BB8D40400CCD5AA = {
						CreatedOnToolsVersion = 15.2;
						TestTargetID = 91B143432BB8D40200CCD5AA;
					};
					91B1435D2BB8D40400CCD5AA = {
						CreatedOnToolsVersion = 15.2;
						TestTargetID = 91B143432BB8D40200CCD5AA;
					};
				};
			};
			buildConfigurationList = 91B1433F2BB8D40200CCD5AA /* Build configuration list for PBXProject "PlayBook" */;
			compatibilityVersion = "Xcode 14.0";
			developmentRegion = en;
			hasScannedForEncodings = 0;
			knownRegions = (
				en,
				Base,
			);
			mainGroup = 91B1433B2BB8D40200CCD5AA;
			productRefGroup = 91B143452BB8D40200CCD5AA /* Products */;
			projectDirPath = "";
			projectRoot = "";
			targets = (
				91B143432BB8D40200CCD5AA /* PlayBook */,
				91B143532BB8D40400CCD5AA /* PlayBookTests */,
				91B1435D2BB8D40400CCD5AA /* PlayBookUITests */,
			);
		};
/* End PBXProject section */

/* Begin PBXResourcesBuildPhase section */
		91B143422BB8D40200CCD5AA /* Resources */ = {
			isa = PBXResourcesBuildPhase;
			buildActionMask = 2147483647;
			files = (
				91B1434F2BB8D40400CCD5AA /* Preview Assets.xcassets in Resources */,
				91B1434C2BB8D40400CCD5AA /* Assets.xcassets in Resources */,
			);
			runOnlyForDeploymentPostprocessing = 0;
		};
		91B143522BB8D40400CCD5AA /* Resources */ = {
			isa = PBXResourcesBuildPhase;
			buildActionMask = 2147483647;
			files = (
			);
			runOnlyForDeploymentPostprocessing = 0;
		};
		91B1435C2BB8D40400CCD5AA /* Resources */ = {
			isa = PBXResourcesBuildPhase;
			buildActionMask = 2147483647;
			files = (
			);
			runOnlyForDeploymentPostprocessing = 0;
		};
/* End PBXResourcesBuildPhase section */

/* Begin PBXSourcesBuildPhase section */
		91B143402BB8D40200CCD5AA /* Sources */ = {
			isa = PBXSourcesBuildPhase;
			buildActionMask = 2147483647;
			files = (
				91B1434A2BB8D40200CCD5AA /* ContentView.swift in Sources */,
				91B143482BB8D40200CCD5AA /* PlayBookApp.swift in Sources */,
			);
			runOnlyForDeploymentPostprocessing = 0;
		};
		91B143502BB8D40400CCD5AA /* Sources */ = {
			isa = PBXSourcesBuildPhase;
			buildActionMask = 2147483647;
			files = (
				91B143592BB8D40400CCD5AA /* PlayBookTests.swift in Sources */,
			);
			runOnlyForDeploymentPostprocessing = 0;
		};
		91B1435A2BB8D40400CCD5AA /* Sources */ = {
			isa = PBXSourcesBuildPhase;
			buildActionMask = 2147483647;
			files = (
				91B143652BB8D40400CCD5AA /* PlayBookUITestsLaunchTests.swift in Sources */,
				91B143632BB8D40400CCD5AA /* PlayBookUITests.swift in Sources */,
			);
			runOnlyForDeploymentPostprocessing = 0;
		};
/* End PBXSourcesBuildPhase section */

/* Begin PBXTargetDependency section */
		91B143562BB8D40400CCD5AA /* PBXTargetDependency */ = {
			isa = PBXTargetDependency;
			target = 91B143432BB8D40200CCD5AA /* PlayBook */;
			targetProxy = 91B143552BB8D40400CCD5AA /* PBXContainerItemProxy */;
		};
		91B143602BB8D40400CCD5AA /* PBXTargetDependency */ = {
			isa = PBXTargetDependency;
			target = 91B143432BB8D40200CCD5AA /* PlayBook */;
			targetProxy = 91B1435F2BB8D40400CCD5AA /* PBXContainerItemProxy */;
		};
/* End PBXTargetDependency section */

/* Begin XCBuildConfiguration section */
		91B143662BB8D40400CCD5AA /* Debug */ = {
			isa = XCBuildConfiguration;
			buildSettings = {
				ALWAYS_SEARCH_USER_PATHS = NO;
				ASSETCATALOG_COMPILER_GENERATE_SWIFT_ASSET_SYMBOL_EXTENSIONS = YES;
				CLANG_ANALYZER_NONNULL = YES;
				CLANG_ANALYZER_NUMBER_OBJECT_CONVERSION = YES_AGGRESSIVE;
				CLANG_CXX_LANGUAGE_STANDARD = "gnu++20";
				CLANG_ENABLE_MODULES = YES;
				CLANG_ENABLE_OBJC_ARC = YES;
				CLANG_ENABLE_OBJC_WEAK = YES;
				CLANG_WARN_BLOCK_CAPTURE_AUTORELEASING = YES;
				CLANG_WARN_BOOL_CONVERSION = YES;
				CLANG_WARN_COMMA = YES;
				CLANG_WARN_CONSTANT_CONVERSION = YES;
				CLANG_WARN_DEPRECATED_OBJC_IMPLEMENTATIONS = YES;
				CLANG_WARN_DIRECT_OBJC_ISA_USAGE = YES_ERROR;
				CLANG_WARN_DOCUMENTATION_COMMENTS = YES;
				CLANG_WARN_EMPTY_BODY = YES;
				CLANG_WARN_ENUM_CONVERSION = YES;
				CLANG_WARN_INFINITE_RECURSION = YES;
				CLANG_WARN_INT_CONVERSION = YES;
				CLANG_WARN_NON_LITERAL_NULL_CONVERSION = YES;
				CLANG_WARN_OBJC_IMPLICIT_RETAIN_SELF = YES;
				CLANG_WARN_OBJC_LITERAL_CONVERSION = YES;
				CLANG_WARN_OBJC_ROOT_CLASS = YES_ERROR;
				CLANG_WARN_QUOTED_INCLUDE_IN_FRAMEWORK_HEADER = YES;
				CLANG_WARN_RANGE_LOOP_ANALYSIS = YES;
				CLANG_WARN_STRICT_PROTOTYPES = YES;
				CLANG_WARN_SUSPICIOUS_MOVE = YES;
				CLANG_WARN_UNGUARDED_AVAILABILITY = YES_AGGRESSIVE;
				CLANG_WARN_UNREACHABLE_CODE = YES;
				CLANG_WARN__DUPLICATE_METHOD_MATCH = YES;
				COPY_PHASE_STRIP = NO;
				DEBUG_INFORMATION_FORMAT = dwarf;
				ENABLE_STRICT_OBJC_MSGSEND = YES;
				ENABLE_TESTABILITY = YES;
				ENABLE_USER_SCRIPT_SANDBOXING = YES;
				GCC_C_LANGUAGE_STANDARD = gnu17;
				GCC_DYNAMIC_NO_PIC = NO;
				GCC_NO_COMMON_BLOCKS = YES;
				GCC_OPTIMIZATION_LEVEL = 0;
				GCC_PREPROCESSOR_DEFINITIONS = (
					"DEBUG=1",
					"$(inherited)",
				);
				GCC_WARN_64_TO_32_BIT_CONVERSION = YES;
				GCC_WARN_ABOUT_RETURN_TYPE = YES_ERROR;
				GCC_WARN_UNDECLARED_SELECTOR = YES;
				GCC_WARN_UNINITIALIZED_AUTOS = YES_AGGRESSIVE;
				GCC_WARN_UNUSED_FUNCTION = YES;
				GCC_WARN_UNUSED_VARIABLE = YES;
				IPHONEOS_DEPLOYMENT_TARGET = 17.2;
				LOCALIZATION_PREFERS_STRING_CATALOGS = YES;
				MTL_ENABLE_DEBUG_INFO = INCLUDE_SOURCE;
				MTL_FAST_MATH = YES;
				ONLY_ACTIVE_ARCH = YES;
				SDKROOT = iphoneos;
				SWIFT_ACTIVE_COMPILATION_CONDITIONS = "DEBUG $(inherited)";
				SWIFT_OPTIMIZATION_LEVEL = "-Onone";
			};
			name = Debug;
		};
		91B143672BB8D40400CCD5AA /* Release */ = {
			isa = XCBuildConfiguration;
			buildSettings = {
				ALWAYS_SEARCH_USER_PATHS = NO;
				ASSETCATALOG_COMPILER_GENERATE_SWIFT_ASSET_SYMBOL_EXTENSIONS = YES;
				CLANG_ANALYZER_NONNULL = YES;
				CLANG_ANALYZER_NUMBER_OBJECT_CONVERSION = YES_AGGRESSIVE;
				CLANG_CXX_LANGUAGE_STANDARD = "gnu++20";
				CLANG_ENABLE_MODULES = YES;
				CLANG_ENABLE_OBJC_ARC = YES;
				CLANG_ENABLE_OBJC_WEAK = YES;
				CLANG_WARN_BLOCK_CAPTURE_AUTORELEASING = YES;
				CLANG_WARN_BOOL_CONVERSION = YES;
				CLANG_WARN_COMMA = YES;
				CLANG_WARN_CONSTANT_CONVERSION = YES;
				CLANG_WARN_DEPRECATED_OBJC_IMPLEMENTATIONS = YES;
				CLANG_WARN_DIRECT_OBJC_ISA_USAGE = YES_ERROR;
				CLANG_WARN_DOCUMENTATION_COMMENTS = YES;
				CLANG_WARN_EMPTY_BODY = YES;
				CLANG_WARN_ENUM_CONVERSION = YES;
				CLANG_WARN_INFINITE_RECURSION = YES;
				CLANG_WARN_INT_CONVERSION = YES;
				CLANG_WARN_NON_LITERAL_NULL_CONVERSION = YES;
				CLANG_WARN_OBJC_IMPLICIT_RETAIN_SELF = YES;
				CLANG_WARN_OBJC_LITERAL_CONVERSION = YES;
				CLANG_WARN_OBJC_ROOT_CLASS = YES_ERROR;
				CLANG_WARN_QUOTED_INCLUDE_IN_FRAMEWORK_HEADER = YES;
				CLANG_WARN_RANGE_LOOP_ANALYSIS = YES;
				CLANG_WARN_STRICT_PROTOTYPES = YES;
				CLANG_WARN_SUSPICIOUS_MOVE = YES;
				CLANG_WARN_UNGUARDED_AVAILABILITY = YES_AGGRESSIVE;
				CLANG_WARN_UNREACHABLE_CODE = YES;
				CLANG_WARN__DUPLICATE_METHOD_MATCH = YES;
				COPY_PHASE_STRIP = NO;
				DEBUG_INFORMATION_FORMAT = "dwarf-with-dsym";
				ENABLE_NS_ASSERTIONS = NO;
				ENABLE_STRICT_OBJC_MSGSEND = YES;
				ENABLE_USER_SCRIPT_SANDBOXING = YES;
				GCC_C_LANGUAGE_STANDARD = gnu17;
				GCC_NO_COMMON_BLOCKS = YES;
				GCC_WARN_64_TO_32_BIT_CONVERSION = YES;
				GCC_WARN_ABOUT_RETURN_TYPE = YES_ERROR;
				GCC_WARN_UNDECLARED_SELECTOR = YES;
				GCC_WARN_UNINITIALIZED_AUTOS = YES_AGGRESSIVE;
				GCC_WARN_UNUSED_FUNCTION = YES;
				GCC_WARN_UNUSED_VARIABLE = YES;
				IPHONEOS_DEPLOYMENT_TARGET = 17.2;
				LOCALIZATION_PREFERS_STRING_CATALOGS = YES;
				MTL_ENABLE_DEBUG_INFO = NO;
				MTL_FAST_MATH = YES;
				SDKROOT = iphoneos;
				SWIFT_COMPILATION_MODE = wholemodule;
				VALIDATE_PRODUCT = YES;
			};
			name = Release;
		};
		91B143692BB8D40400CCD5AA /* Debug */ = {
			isa = XCBuildConfiguration;
			buildSettings = {
				ASSETCATALOG_COMPILER_APPICON_NAME = AppIcon;
				ASSETCATALOG_COMPILER_GLOBAL_ACCENT_COLOR_NAME = AccentColor;
				CODE_SIGN_STYLE = Automatic;
				CURRENT_PROJECT_VERSION = 1;
				DEVELOPMENT_ASSET_PATHS = "\"PlayBook/Preview Content\"";
				ENABLE_PREVIEWS = YES;
				GENERATE_INFOPLIST_FILE = YES;
				INFOPLIST_KEY_UIApplicationSceneManifest_Generation = YES;
				INFOPLIST_KEY_UIApplicationSupportsIndirectInputEvents = YES;
				INFOPLIST_KEY_UILaunchScreen_Generation = YES;
				INFOPLIST_KEY_UISupportedInterfaceOrientations_iPad = "UIInterfaceOrientationPortrait UIInterfaceOrientationPortraitUpsideDown UIInterfaceOrientationLandscapeLeft UIInterfaceOrientationLandscapeRight";
				INFOPLIST_KEY_UISupportedInterfaceOrientations_iPhone = "UIInterfaceOrientationPortrait UIInterfaceOrientationLandscapeLeft UIInterfaceOrientationLandscapeRight";
				LD_RUNPATH_SEARCH_PATHS = (
					"$(inherited)",
					"@executable_path/Frameworks",
				);
				MARKETING_VERSION = 1.0;
				PRODUCT_BUNDLE_IDENTIFIER = DevOps.PlayBook;
				PRODUCT_NAME = "$(TARGET_NAME)";
				SWIFT_EMIT_LOC_STRINGS = YES;
				SWIFT_VERSION = 5.0;
				TARGETED_DEVICE_FAMILY = "1,2";
			};
			name = Debug;
		};
		91B1436A2BB8D40400CCD5AA /* Release */ = {
			isa = XCBuildConfiguration;
			buildSettings = {
				ASSETCATALOG_COMPILER_APPICON_NAME = AppIcon;
				ASSETCATALOG_COMPILER_GLOBAL_ACCENT_COLOR_NAME = AccentColor;
				CODE_SIGN_STYLE = Automatic;
				CURRENT_PROJECT_VERSION = 1;
				DEVELOPMENT_ASSET_PATHS = "\"PlayBook/Preview Content\"";
				ENABLE_PREVIEWS = YES;
				GENERATE_INFOPLIST_FILE = YES;
				INFOPLIST_KEY_UIApplicationSceneManifest_Generation = YES;
				INFOPLIST_KEY_UIApplicationSupportsIndirectInputEvents = YES;
				INFOPLIST_KEY_UILaunchScreen_Generation = YES;
				INFOPLIST_KEY_UISupportedInterfaceOrientations_iPad = "UIInterfaceOrientationPortrait UIInterfaceOrientationPortraitUpsideDown UIInterfaceOrientationLandscapeLeft UIInterfaceOrientationLandscapeRight";
				INFOPLIST_KEY_UISupportedInterfaceOrientations_iPhone = "UIInterfaceOrientationPortrait UIInterfaceOrientationLandscapeLeft UIInterfaceOrientationLandscapeRight";
				LD_RUNPATH_SEARCH_PATHS = (
					"$(inherited)",
					"@executable_path/Frameworks",
				);
				MARKETING_VERSION = 1.0;
				PRODUCT_BUNDLE_IDENTIFIER = DevOps.PlayBook;
				PRODUCT_NAME = "$(TARGET_NAME)";
				SWIFT_EMIT_LOC_STRINGS = YES;
				SWIFT_VERSION = 5.0;
				TARGETED_DEVICE_FAMILY = "1,2";
			};
			name = Release;
		};
		91B1436C2BB8D40400CCD5AA /* Debug */ = {
			isa = XCBuildConfiguration;
			buildSettings = {
				ALWAYS_EMBED_SWIFT_STANDARD_LIBRARIES = YES;
				BUNDLE_LOADER = "$(TEST_HOST)";
				CODE_SIGN_STYLE = Automatic;
				CURRENT_PROJECT_VERSION = 1;
				GENERATE_INFOPLIST_FILE = YES;
				IPHONEOS_DEPLOYMENT_TARGET = 17.2;
				MARKETING_VERSION = 1.0;
				PRODUCT_BUNDLE_IDENTIFIER = DevOps.PlayBookTests;
				PRODUCT_NAME = "$(TARGET_NAME)";
				SWIFT_EMIT_LOC_STRINGS = NO;
				SWIFT_VERSION = 5.0;
				TARGETED_DEVICE_FAMILY = "1,2";
				TEST_HOST = "$(BUILT_PRODUCTS_DIR)/PlayBook.app/$(BUNDLE_EXECUTABLE_FOLDER_PATH)/PlayBook";
			};
			name = Debug;
		};
		91B1436D2BB8D40400CCD5AA /* Release */ = {
			isa = XCBuildConfiguration;
			buildSettings = {
				ALWAYS_EMBED_SWIFT_STANDARD_LIBRARIES = YES;
				BUNDLE_LOADER = "$(TEST_HOST)";
				CODE_SIGN_STYLE = Automatic;
				CURRENT_PROJECT_VERSION = 1;
				GENERATE_INFOPLIST_FILE = YES;
				IPHONEOS_DEPLOYMENT_TARGET = 17.2;
				MARKETING_VERSION = 1.0;
				PRODUCT_BUNDLE_IDENTIFIER = DevOps.PlayBookTests;
				PRODUCT_NAME = "$(TARGET_NAME)";
				SWIFT_EMIT_LOC_STRINGS = NO;
				SWIFT_VERSION = 5.0;
				TARGETED_DEVICE_FAMILY = "1,2";
				TEST_HOST = "$(BUILT_PRODUCTS_DIR)/PlayBook.app/$(BUNDLE_EXECUTABLE_FOLDER_PATH)/PlayBook";
			};
			name = Release;
		};
		91B1436F2BB8D40400CCD5AA /* Debug */ = {
			isa = XCBuildConfiguration;
			buildSettings = {
				ALWAYS_EMBED_SWIFT_STANDARD_LIBRARIES = YES;
				CODE_SIGN_STYLE = Automatic;
				CURRENT_PROJECT_VERSION = 1;
				GENERATE_INFOPLIST_FILE = YES;
				MARKETING_VERSION = 1.0;
				PRODUCT_BUNDLE_IDENTIFIER = DevOps.PlayBookUITests;
				PRODUCT_NAME = "$(TARGET_NAME)";
				SWIFT_EMIT_LOC_STRINGS = NO;
				SWIFT_VERSION = 5.0;
				TARGETED_DEVICE_FAMILY = "1,2";
				TEST_TARGET_NAME = PlayBook;
			};
			name = Debug;
		};
		91B143702BB8D40400CCD5AA /* Release */ = {
			isa = XCBuildConfiguration;
			buildSettings = {
				ALWAYS_EMBED_SWIFT_STANDARD_LIBRARIES = YES;
				CODE_SIGN_STYLE = Automatic;
				CURRENT_PROJECT_VERSION = 1;
				GENERATE_INFOPLIST_FILE = YES;
				MARKETING_VERSION = 1.0;
				PRODUCT_BUNDLE_IDENTIFIER = DevOps.PlayBookUITests;
				PRODUCT_NAME = "$(TARGET_NAME)";
				SWIFT_EMIT_LOC_STRINGS = NO;
				SWIFT_VERSION = 5.0;
				TARGETED_DEVICE_FAMILY = "1,2";
				TEST_TARGET_NAME = PlayBook;
			};
			name = Release;
		};
/* End XCBuildConfiguration section */

/* Begin XCConfigurationList section */
		91B1433F2BB8D40200CCD5AA /* Build configuration list for PBXProject "PlayBook" */ = {
			isa = XCConfigurationList;
			buildConfigurations = (
				91B143662BB8D40400CCD5AA /* Debug */,
				91B143672BB8D40400CCD5AA /* Release */,
			);
			defaultConfigurationIsVisible = 0;
			defaultConfigurationName = Release;
		};
		91B143682BB8D40400CCD5AA /* Build configuration list for PBXNativeTarget "PlayBook" */ = {
			isa = XCConfigurationList;
			buildConfigurations = (
				91B143692BB8D40400CCD5AA /* Debug */,
				91B1436A2BB8D40400CCD5AA /* Release */,
			);
			defaultConfigurationIsVisible = 0;
			defaultConfigurationName = Release;
		};
		91B1436B2BB8D40400CCD5AA /* Build configuration list for PBXNativeTarget "PlayBookTests" */ = {
			isa = XCConfigurationList;
			buildConfigurations = (
				91B1436C2BB8D40400CCD5AA /* Debug */,
				91B1436D2BB8D40400CCD5AA /* Release */,
			);
			defaultConfigurationIsVisible = 0;
			defaultConfigurationName = Release;
		};
		91B1436E2BB8D40400CCD5AA /* Build configuration list for PBXNativeTarget "PlayBookUITests" */ = {
			isa = XCConfigurationList;
			buildConfigurations = (
				91B1436F2BB8D40400CCD5AA /* Debug */,
				91B143702BB8D40400CCD5AA /* Release */,
			);
			defaultConfigurationIsVisible = 0;
			defaultConfigurationName = Release;
		};
/* End XCConfigurationList section */
	};
	rootObject = 91B1433C2BB8D40200CCD5AA /* Project object */;
}
